
Microsoft Visual Studio Solution File, Format Version 12.00
# Visual Studio Version 17
VisualStudioVersion = 17.14.36202.13 d17.14
MinimumVisualStudioVersion = 10.0.40219.1
Project("{FAE04EC0-301F-11D3-BF4B-00C04F79EFBC}") = "EcoHub", "EcoHub\EcoHub.csproj", "{A6AD9408-ED91-4C00-B7AB-07AC08CF8BDF}"
EndProject
Global
	GlobalSection(SolutionConfigurationPlatforms) = preSolution
		Debug|Any CPU = Debug|Any CPU
		Release|Any CPU = Release|Any CPU
	EndGlobalSection
	GlobalSection(ProjectConfigurationPlatforms) = postSolution
		{A6AD9408-ED91-4C00-B7AB-07AC08CF8BDF}.Debug|Any CPU.ActiveCfg = Debug|Any CPU
		{A6AD9408-ED91-4C00-B7AB-07AC08CF8BDF}.Debug|Any CPU.Build.0 = Debug|Any CPU
		{A6AD9408-ED91-4C00-B7AB-07AC08CF8BDF}.Release|Any CPU.ActiveCfg = Release|Any CPU
		{A6AD9408-ED91-4C00-B7AB-07AC08CF8BDF}.Release|Any CPU.Build.0 = Release|Any CPU
	EndGlobalSection
	GlobalSection(SolutionProperties) = preSolution
		HideSolutionNode = FALSE
	EndGlobalSection
	GlobalSection(ExtensibilityGlobals) = postSolution
		SolutionGuid = {D64EA435-B310-4442-BC16-7DA602597DFD}
	EndGlobalSection
EndGlobal
